{
  "name": "thread_dashboard",
  "version": "1.0.0",
  "lockfileVersion": 3,
  "requires": true,
  "packages": {
    "": {
      "name": "thread_dashboard",
      "version": "1.0.0",
      "license": "ISC",
      "dependencies": {
        "@tursodatabase/database": "^0.6.1",
        "ws": "^8.21.0"
      }
    },
    "node_modules/@tursodatabase/database": {
      "version": "0.6.1",
      "resolved": "https://registry.npmjs.org/@tursodatabase/database/-/database-0.6.1.tgz",
      "integrity": "sha512-qg6LO1XHA9kc2s97crg0/nHiKFk3xTzylRuZPYggO0vA4hx2rp8fk0Je2vFGOkfVv+ZmzsXOIb+DBHmdrG+72A==",
      "license": "MIT",
      "dependencies": {
        "@tursodatabase/database-common": "^0.6.1"
      },
      "optionalDependencies": {
        "@tursodatabase/database-darwin-arm64": "0.6.1",
        "@tursodatabase/database-linux-arm64-gnu": "0.6.1",
        "@tursodatabase/database-linux-x64-gnu": "0.6.1",
        "@tursodatabase/database-win32-x64-msvc": "0.6.1"
      }
    },
    "node_modules/@tursodatabase/database-common": {
      "version": "0.6.1",
      "resolved": "https://registry.npmjs.org/@tursodatabase/database-common/-/database-common-0.6.1.tgz",
      "integrity": "sha512-fkmkhgSUDg3MXkcziTG9Ime3AY5+YvvDN7VvUDEMNV7MP+XgwE/i5tU6eQP1EKa/zDkdSYPq8gPcmROmKmKL8Q==",
      "license": "MIT"
    },
    "node_modules/@tursodatabase/database-darwin-arm64": {
      "version": "0.6.1",
      "resolved": "https://registry.npmjs.org/@tursodatabase/database-darwin-arm64/-/database-darwin-arm64-0.6.1.tgz",
      "integrity": "sha512-2/nlqulI/kWlrh7vHMwF5fkuavGRWB83SIhzHZmoHSQovq0a28Z4+WAHerjh9yNs7DTj70U9PIsvAtRdh77l7g==",
      "cpu": [
        "arm64"
      ],
      "license": "MIT",
      "optional": true,
      "os": [
        "darwin"
      ]
    },
    "node_modules/@tursodatabase/database-linux-arm64-gnu": {
      "version": "0.6.1",
      "resolved": "https://registry.npmjs.org/@tursodatabase/database-linux-arm64-gnu/-/database-linux-arm64-gnu-0.6.1.tgz",
      "integrity": "sha512-ixooF2xyxV84GYIYPLI5D9VEp+cX3WPBmXRyoCGw7+l9G66eOp8QppGF0dKFYhtp/AJ8YmOp+lemqBoCue9N8Q==",
      "cpu": [
        "arm64"
      ],
      "license": "MIT",
      "optional": true,
      "os": [
        "linux"
      ]
    },
    "node_modules/@tursodatabase/database-linux-x64-gnu": {
      "version": "0.6.1",
      "resolved": "https://registry.npmjs.org/@tursodatabase/database-linux-x64-gnu/-/database-linux-x64-gnu-0.6.1.tgz",
      "integrity": "sha512-cNZ3FS8XBn4X8zHSzd31nvEeBbR4hCDBGs2P3ViND1Egu5oDZ822a+hWxNxMgMPgUJf/aGBEAk5p+j11fAC/QQ==",
      "cpu": [
        "x64"
      ],
      "license": "MIT",
      "optional": true,
      "os": [
        "linux"
      ]
    },
    "node_modules/@tursodatabase/database-win32-x64-msvc": {
      "version": "0.6.1",
      "resolved": "https://registry.npmjs.org/@tursodatabase/database-win32-x64-msvc/-/database-win32-x64-msvc-0.6.1.tgz",
      "integrity": "sha512-3CASiW3BbeNT4qryxPKKZECGxaAtfUeM/Bjx1NWIxShCLLtRpnaEUt7WLOT2hz+sqU322H6fmMuaN9sYrcwBxw==",
      "cpu": [
        "x64"
      ],
      "license": "MIT",
      "optional": true,
      "os": [
        "win32"
      ]
    },
    "node_modules/ws": {
      "version": "8.21.0",
      "resolved": "https://registry.npmjs.org/ws/-/ws-8.21.0.tgz",
      "integrity": "sha512-Vsp28b7DRcimFQvrqu2Wek3z1iYxDCWqHYB8Qsnk/S4RfaCQzPGPyBNuVjJV3cd6UiKtUtp6sNM77gWvzcCH+g==",
      "license": "MIT",
      "engines": {
        "node": ">=10.0.0"
      },
      "peerDependencies": {
        "bufferutil": "^4.0.1",
        "utf-8-validate": ">=5.0.2"
      },
      "peerDependenciesMeta": {
        "bufferutil": {
          "optional": true
        },
        "utf-8-validate": {
          "optional": true
        }
      }
    }
  }
}
